
Microsoft Visual Studio Solution File, Format Version 12.00
# Visual Studio Version 17
VisualStudioVersion = 17.11.35208.52
MinimumVisualStudioVersion = 10.0.40219.1
Project("{FAE04EC0-301F-11D3-BF4B-00C04F79EFBC}") = "FantasyFootballTracker", "FantasyFootballTracker\FantasyFootballTracker.csproj", "{5985F007-CA8F-4133-B74E-5549197F78BA}"
EndProject
Global
	GlobalSection(SolutionConfigurationPlatforms) = preSolution
		Debug|Any CPU = Debug|Any CPU
		Release|Any CPU = Release|Any CPU
	EndGlobalSection
	GlobalSection(ProjectConfigurationPlatforms) = postSolution
		{5985F007-CA8F-4133-B74E-5549197F78BA}.Debug|Any CPU.ActiveCfg = Debug|Any CPU
		{5985F007-CA8F-4133-B74E-5549197F78BA}.Debug|Any CPU.Build.0 = Debug|Any CPU
		{5985F007-CA8F-4133-B74E-5549197F78BA}.Release|Any CPU.ActiveCfg = Release|Any CPU
		{5985F007-CA8F-4133-B74E-5549197F78BA}.Release|Any CPU.Build.0 = Release|Any CPU
	EndGlobalSection
	GlobalSection(SolutionProperties) = preSolution
		HideSolutionNode = FALSE
	EndGlobalSection
	GlobalSection(ExtensibilityGlobals) = postSolution
		SolutionGuid = {DEF03B53-065C-4658-A7B2-EBC67158EB0B}
	EndGlobalSection
EndGlobal
